Microsoft Visual Studio Solution File, Format Version 12.00
# Visual Studio 15
VisualStudioVersion = 15.0.27428.2043
MinimumVisualStudioVersion = 10.0.40219.1
Project("{FAE04EC0-301F-11D3-BF4B-00C04F79EFBC}") = "CSharp", "CSharp\CSharp.csproj", "{EA8F8D62-CE42-4F91-998A-3ADF171E491A}"
EndProject
Global
	GlobalSection(SolutionConfigurationPlatforms) = preSolution
		Debug|x64 = Debug|x64
		Release|x64 = Release|x64
	EndGlobalSection
	GlobalSection(ProjectConfigurationPlatforms) = postSolution
		{EA8F8D62-CE42-4F91-998A-3ADF171E491A}.Debug|x64.ActiveCfg = Debug|x64
		{EA8F8D62-CE42-4F91-998A-3ADF171E491A}.Debug|x64.Build.0 = Debug|x64
		{EA8F8D62-CE42-4F91-998A-3ADF171E491A}.Release|x64.ActiveCfg = Release|x64
		{EA8F8D62-CE42-4F91-998A-3ADF171E491A}.Release|x64.Build.0 = Release|x64
	EndGlobalSection
	GlobalSection(SolutionProperties) = preSolution
		HideSolutionNode = FALSE
	EndGlobalSection
	GlobalSection(ExtensibilityGlobals) = postSolution
		SolutionGuid = {BBDCFEFB-3C88-4235-99B2-E7071FD5CD3E}
	EndGlobalSection
EndGlobal
